
Microsoft Visual Studio Solution File, Format Version 12.00
Project("{FAE04EC0-301F-11D3-BF4B-00C04F79EFBC}") = "Decorator.Menu", "Decorator.Menu\Decorator.Menu.csproj", "{103B4284-84B7-45A9-BEB3-28B765030623}"
EndProject
Project("{FAE04EC0-301F-11D3-BF4B-00C04F79EFBC}") = "Decorator.Player", "Decorator.Player\Decorator.Player.csproj", "{A2D65147-E0A9-4321-81DA-2E4C01FED1A2}"
EndProject
Project("{FAE04EC0-301F-11D3-BF4B-00C04F79EFBC}") = "Singleton.Logger", "Singleton.Logger\Singleton.Logger.csproj", "{70AB95FA-D6DC-4369-827B-6B4EC737CCEF}"
EndProject
Global
	GlobalSection(SolutionConfigurationPlatforms) = preSolution
		Debug|Any CPU = Debug|Any CPU
		Release|Any CPU = Release|Any CPU
	EndGlobalSection
	GlobalSection(ProjectConfigurationPlatforms) = postSolution
		{103B4284-84B7-45A9-BEB3-28B765030623}.Debug|Any CPU.ActiveCfg = Debug|Any CPU
		{103B4284-84B7-45A9-BEB3-28B765030623}.Debug|Any CPU.Build.0 = Debug|Any CPU
		{103B4284-84B7-45A9-BEB3-28B765030623}.Release|Any CPU.ActiveCfg = Release|Any CPU
		{103B4284-84B7-45A9-BEB3-28B765030623}.Release|Any CPU.Build.0 = Release|Any CPU
		{A2D65147-E0A9-4321-81DA-2E4C01FED1A2}.Debug|Any CPU.ActiveCfg = Debug|Any CPU
		{A2D65147-E0A9-4321-81DA-2E4C01FED1A2}.Debug|Any CPU.Build.0 = Debug|Any CPU
		{A2D65147-E0A9-4321-81DA-2E4C01FED1A2}.Release|Any CPU.ActiveCfg = Release|Any CPU
		{A2D65147-E0A9-4321-81DA-2E4C01FED1A2}.Release|Any CPU.Build.0 = Release|Any CPU
		{70AB95FA-D6DC-4369-827B-6B4EC737CCEF}.Debug|Any CPU.ActiveCfg = Debug|Any CPU
		{70AB95FA-D6DC-4369-827B-6B4EC737CCEF}.Debug|Any CPU.Build.0 = Debug|Any CPU
		{70AB95FA-D6DC-4369-827B-6B4EC737CCEF}.Release|Any CPU.ActiveCfg = Release|Any CPU
		{70AB95FA-D6DC-4369-827B-6B4EC737CCEF}.Release|Any CPU.Build.0 = Release|Any CPU
	EndGlobalSection
EndGlobal
